
Microsoft Visual Studio Solution File, Format Version 12.00
# Visual Studio Version 17
VisualStudioVersion = 17.11.35208.52
MinimumVisualStudioVersion = 10.0.40219.1
Project("{FAE04EC0-301F-11D3-BF4B-00C04F79EFBC}") = "Tugas3_Api_reza", "Tugas3_Api_reza.csproj", "{3B88F3D7-6659-4B33-A924-D1318224D61F}"
EndProject
Global
	GlobalSection(SolutionConfigurationPlatforms) = preSolution
		Debug|Any CPU = Debug|Any CPU
		Release|Any CPU = Release|Any CPU
	EndGlobalSection
	GlobalSection(ProjectConfigurationPlatforms) = postSolution
		{3B88F3D7-6659-4B33-A924-D1318224D61F}.Debug|Any CPU.ActiveCfg = Debug|Any CPU
		{3B88F3D7-6659-4B33-A924-D1318224D61F}.Debug|Any CPU.Build.0 = Debug|Any CPU
		{3B88F3D7-6659-4B33-A924-D1318224D61F}.Release|Any CPU.ActiveCfg = Release|Any CPU
		{3B88F3D7-6659-4B33-A924-D1318224D61F}.Release|Any CPU.Build.0 = Release|Any CPU
	EndGlobalSection
	GlobalSection(SolutionProperties) = preSolution
		HideSolutionNode = FALSE
	EndGlobalSection
	GlobalSection(ExtensibilityGlobals) = postSolution
		SolutionGuid = {A972320A-C56C-48CE-A9C4-6CB56994823F}
	EndGlobalSection
EndGlobal
